github.com/davecgh/go-spew v1.1.0/go.mod h1:J7Y8YcW2NihsgmVo/mv3lAwl/skON4iLHjSsI+c5H38=
github.com/gomodule/redigo v1.8.3/go.mod h1:P9dn9mFrCBvWhGE1wpxx6fgq7BAeLBk+UUUzlpkBYO0=
github.com/jageros/db v1.0.0 h1:kvNeWmVzUy+Oq62FxYRAU+FbzuzgiYK3fm1OA6UTXfU=
github.com/jageros/db v1.0.0/go.mod h1:2fH9CcW7IWjlyMnQ0zd2Jdop813Fs4RkfMkmdnJBgL0=
github.com/jageros/evq v1.0.0 h1:A02p5tTJdx6vC6vnlNjM6IBndNKhjwqkO21olnmo+cc=
github.com/jageros/evq v1.0.0/go.mod h1:hu2KkExgkc77iAY/N0n2McTPo8gMPg+pLi8T1DQC8kQ=
github.com/jageros/timer v1.0.1 h1:P2jwUce/1tT3LO8WJzedknH+FqrYQoLuMpNEgaAKVX4=
github.com/jageros/timer v1.0.1/go.mod h1:eqP3Oyjz5LPGWKk7akY2BXpoETaGB17upuI2uEUrVN0=
github.com/pmezard/go-difflib v1.0.0/go.mod h1:iKH77koFhYxTK1pcRnkKkqfTogsbg7gZNVY4sRDYZ/4=
github.com/stretchr/objx v0.1.0/go.mod h1:HFkY916IF+rwdDfMAkV7OtwuqBVzrE8GR6GFx+wExME=
github.com/stretchr/testify v1.5.1/go.mod h1:5W2xD1RspED5o8YsWQXVCued0rvSQ+mT+I5cxcmMvtA=
github.com/xiaonanln/go-xnsyncutil v0.0.5 h1:1kan2cg95e0quhKEBafu1lNG3UVI44BF0ThlJGa+lJQ=
github.com/xiaonanln/go-xnsyncutil v0.0.5/go.mod h1:PbwFumxH1s5Zc5mPk3A9GFaS/FdIP5WHobaRwQLS8xY=
gopkg.in/check.v1 v0.0.0-20161208181325-20d25e280405 h1:yhCVgyC4o1eVCa2tZl7eS0r+SDo693bJlVdllGtEeKM=
gopkg.in/check.v1 v0.0.0-20161208181325-20d25e280405/go.mod h1:Co6ibVJAznAaIkqp8huTwlJQCZ016jof/cbN4VW5Yz0=
gopkg.in/eapache/queue.v1 v1.1.0 h1:EldqoJEGtXYiVCMRo2C9mePO2UUGnYn2+qLmlQSqPdc=
gopkg.in/eapache/queue.v1 v1.1.0/go.mod h1:wNtmx1/O7kZSR9zNT1TTOJ7GLpm3Vn7srzlfylFbQwU=
gopkg.in/mgo.v2 v2.0.0-20190816093944-a6b53ec6cb22 h1:VpOs+IwYnYBaFnrNAeB8UUWtL3vEUnzSCL1nVjPhqrw=
gopkg.in/mgo.v2 v2.0.0-20190816093944-a6b53ec6cb22/go.mod h1:yeKp02qBN3iKW1OzL3MGk2IdtZzaj7SFntXj72NppTA=
gopkg.in/yaml.v2 v2.2.2 h1:ZCJp+EgiOT7lHqUV2J862kp8Qj64Jo6az82+3Td9dZw=
gopkg.in/yaml.v2 v2.2.2/go.mod h1:hI93XBmqTisBFMUTm0b8Fm+jr3Dg1NNxqwp+5A1VGuI=
