github.com/jageros/db v1.0.1 h1:AwkgcV7Ls0UFqbKkOE2gXhPjkmN5C7NbT8uZfzzStSQ=
github.com/jageros/db v1.0.1/go.mod h1:fo00XITScuTpYy1kwxOjcKEsh0tLGLhUr4F2c8mvm7k=
github.com/jageros/evq v1.0.3 h1:U3q7dyd9216NNajTV8mmG2lfVRBZ3tZDrI4cNqYqyxQ=
github.com/jageros/evq v1.0.3/go.mod h1:R5IbpIENX0Fjs98EZGL0yq1p4aw07VQUwAxn7yBu5iE=
github.com/jageros/group v1.0.1 h1:ifEc2ChvmFVbofSB6t9ytnepRNhrMQrAopUc79Oyzo4=
github.com/jageros/group v1.0.1/go.mod h1:CHMFZ+IzpytdEOlG9AhB6DBXynarvo/Q8Ih1JoawzdU=
github.com/jageros/timer v1.0.3 h1:qPyMScmcyQqLVfs9CkYaQwjC3Xx4ENRrwEDK4xYDq0Q=
github.com/jageros/timer v1.0.3/go.mod h1:6V+y7yVkqQL5r2t/YpljGSUB+W9l9wjrPD3nAtsa48U=
github.com/xiaonanln/go-xnsyncutil v0.0.5 h1:1kan2cg95e0quhKEBafu1lNG3UVI44BF0ThlJGa+lJQ=
github.com/xiaonanln/go-xnsyncutil v0.0.5/go.mod h1:PbwFumxH1s5Zc5mPk3A9GFaS/FdIP5WHobaRwQLS8xY=
golang.org/x/sync v0.0.0-20210220032951-036812b2e83c h1:5KslGYwFpkhGh+Q16bwMP3cOontH8FOep7tGV86Y7SQ=
golang.org/x/sync v0.0.0-20210220032951-036812b2e83c/go.mod h1:RxMgew5VJxzue5/jJTE5uejpjVlOe/izrB70Jof72aM=
gopkg.in/check.v1 v0.0.0-20161208181325-20d25e280405 h1:yhCVgyC4o1eVCa2tZl7eS0r+SDo693bJlVdllGtEeKM=
gopkg.in/check.v1 v0.0.0-20161208181325-20d25e280405/go.mod h1:Co6ibVJAznAaIkqp8huTwlJQCZ016jof/cbN4VW5Yz0=
gopkg.in/eapache/queue.v1 v1.1.0 h1:EldqoJEGtXYiVCMRo2C9mePO2UUGnYn2+qLmlQSqPdc=
gopkg.in/eapache/queue.v1 v1.1.0/go.mod h1:wNtmx1/O7kZSR9zNT1TTOJ7GLpm3Vn7srzlfylFbQwU=
gopkg.in/mgo.v2 v2.0.0-20190816093944-a6b53ec6cb22 h1:VpOs+IwYnYBaFnrNAeB8UUWtL3vEUnzSCL1nVjPhqrw=
gopkg.in/mgo.v2 v2.0.0-20190816093944-a6b53ec6cb22/go.mod h1:yeKp02qBN3iKW1OzL3MGk2IdtZzaj7SFntXj72NppTA=
gopkg.in/yaml.v2 v2.2.2 h1:ZCJp+EgiOT7lHqUV2J862kp8Qj64Jo6az82+3Td9dZw=
gopkg.in/yaml.v2 v2.2.2/go.mod h1:hI93XBmqTisBFMUTm0b8Fm+jr3Dg1NNxqwp+5A1VGuI=
